// !$*UTF8*$!
{
	archiveVersion = 1;
	classes = {
	};
	objectVersion = 55;
	objects = {

/* Begin PBXBuildFile section */
		BCBC8A39280096B400818C1B /* AppDelegate.swift in Sources */ = {isa = PBXBuildFile; fileRef = BCBC8A38280096B400818C1B /* AppDelegate.swift */; };
		BCBC8A3B280096B400818C1B /* SceneDelegate.swift in Sources */ = {isa = PBXBuildFile; fileRef = BCBC8A3A280096B400818C1B /* SceneDelegate.swift */; };
		BCBC8A40280096B400818C1B /* Main.storyboard in Resources */ = {isa = PBXBuildFile; fileRef = BCBC8A3E280096B400818C1B /* Main.storyboard */; };
		BCBC8A45280096BB00818C1B /* Assets.xcassets in Resources */ = {isa = PBXBuildFile; fileRef = BCBC8A44280096BB00818C1B /* Assets.xcassets */; };
		BCBC8A48280096BB00818C1B /* LaunchScreen.storyboard in Resources */ = {isa = PBXBuildFile; fileRef = BCBC8A46280096BB00818C1B /* LaunchScreen.storyboard */; };
		BCBC8A562800988F00818C1B /* Movie.swift in Sources */ = {isa = PBXBuildFile; fileRef = BCBC8A552800988F00818C1B /* Movie.swift */; };
		BCBC8A582800989900818C1B /* MovieController.swift in Sources */ = {isa = PBXBuildFile; fileRef = BCBC8A572800989900818C1B /* MovieController.swift */; };
		BCBC8A5A2800A16900818C1B /* MovieError.swift in Sources */ = {isa = PBXBuildFile; fileRef = BCBC8A592800A16900818C1B /* MovieError.swift */; };
		BCBC8A5C2800A1F600818C1B /* MovieListTableViewController.swift in Sources */ = {isa = PBXBuildFile; fileRef = BCBC8A5B2800A1F600818C1B /* MovieListTableViewController.swift */; };
		BCBC8A5E2800A20500818C1B /* MovieTableViewCell.swift in Sources */ = {isa = PBXBuildFile; fileRef = BCBC8A5D2800A20500818C1B /* MovieTableViewCell.swift */; };
/* End PBXBuildFile section */

/* Begin PBXFileReference section */
		BCBC8A35280096B400818C1B /* MovieSearch.app */ = {isa = PBXFileReference; explicitFileType = wrapper.application; includeInIndex = 0; path = MovieSearch.app; sourceTree = BUILT_PRODUCTS_DIR; };
		BCBC8A38280096B400818C1B /* AppDelegate.swift */ = {isa = PBXFileReference; lastKnownFileType = sourcecode.swift; path = AppDelegate.swift; sourceTree = "<group>"; };
		BCBC8A3A280096B400818C1B /* SceneDelegate.swift */ = {isa = PBXFileReference; lastKnownFileType = sourcecode.swift; path = SceneDelegate.swift; sourceTree = "<group>"; };
		BCBC8A3F280096B400818C1B /* Base */ = {isa = PBXFileReference; lastKnownFileType = file.storyboard; name = Base; path = Base.lproj/Main.storyboard; sourceTree = "<group>"; };
		BCBC8A44280096BB00818C1B /* Assets.xcassets */ = {isa = PBXFileReference; lastKnownFileType = folder.assetcatalog; path = Assets.xcassets; sourceTree = "<group>"; };
		BCBC8A47280096BB00818C1B /* Base */ = {isa = PBXFileReference; lastKnownFileType = file.storyboard; name = Base; path = Base.lproj/LaunchScreen.storyboard; sourceTree = "<group>"; };
		BCBC8A49280096BB00818C1B /* Info.plist */ = {isa = PBXFileReference; lastKnownFileType = text.plist.xml; path = Info.plist; sourceTree = "<group>"; };
		BCBC8A552800988F00818C1B /* Movie.swift */ = {isa = PBXFileReference; lastKnownFileType = sourcecode.swift; path = Movie.swift; sourceTree = "<group>"; };
		BCBC8A572800989900818C1B /* MovieController.swift */ = {isa = PBXFileReference; lastKnownFileType = sourcecode.swift; path = MovieController.swift; sourceTree = "<group>"; };
		BCBC8A592800A16900818C1B /* MovieError.swift */ = {isa = PBXFileReference; lastKnownFileType = sourcecode.swift; path = MovieError.swift; sourceTree = "<group>"; };
		BCBC8A5B2800A1F600818C1B /* MovieListTableViewController.swift */ = {isa = PBXFileReference; lastKnownFileType = sourcecode.swift; path = MovieListTableViewController.swift; sourceTree = "<group>"; };
		BCBC8A5D2800A20500818C1B /* MovieTableViewCell.swift */ = {isa = PBXFileReference; lastKnownFileType = sourcecode.swift; path = MovieTableViewCell.swift; sourceTree = "<group>"; };
/* End PBXFileReference section */

/* Begin PBXFrameworksBuildPhase section */
		BCBC8A32280096B400818C1B /* Frameworks */ = {
			isa = PBXFrameworksBuildPhase;
			buildActionMask = 2147483647;
			files = (
			);
			runOnlyForDeploymentPostprocessing = 0;
		};
/* End PBXFrameworksBuildPhase section */

/* Begin PBXGroup section */
		BCBC8A2C280096B400818C1B = {
			isa = PBXGroup;
			children = (
				BCBC8A37280096B400818C1B /* MovieSearch */,
				BCBC8A36280096B400818C1B /* Products */,
			);
			sourceTree = "<group>";
		};
		BCBC8A36280096B400818C1B /* Products */ = {
			isa = PBXGroup;
			children = (
				BCBC8A35280096B400818C1B /* MovieSearch.app */,
			);
			name = Products;
			sourceTree = "<group>";
		};
		BCBC8A37280096B400818C1B /* MovieSearch */ = {
			isa = PBXGroup;
			children = (
				BCBC8A54280096E900818C1B /* Models */,
				BCBC8A51280096D600818C1B /* Controllers */,
				BCBC8A50280096D200818C1B /* Views */,
				BCBC8A4F280096CC00818C1B /* Resources */,
			);
			path = MovieSearch;
			sourceTree = "<group>";
		};
		BCBC8A4F280096CC00818C1B /* Resources */ = {
			isa = PBXGroup;
			children = (
				BCBC8A38280096B400818C1B /* AppDelegate.swift */,
				BCBC8A3A280096B400818C1B /* SceneDelegate.swift */,
				BCBC8A44280096BB00818C1B /* Assets.xcassets */,
				BCBC8A49280096BB00818C1B /* Info.plist */,
				BCBC8A592800A16900818C1B /* MovieError.swift */,
			);
			path = Resources;
			sourceTree = "<group>";
		};
		BCBC8A50280096D200818C1B /* Views */ = {
			isa = PBXGroup;
			children = (
				BCBC8A3E280096B400818C1B /* Main.storyboard */,
				BCBC8A46280096BB00818C1B /* LaunchScreen.storyboard */,
				BCBC8A5D2800A20500818C1B /* MovieTableViewCell.swift */,
			);
			path = Views;
			sourceTree = "<group>";
		};
		BCBC8A51280096D600818C1B /* Controllers */ = {
			isa = PBXGroup;
			children = (
				BCBC8A53280096E200818C1B /* ModelControllers */,
				BCBC8A52280096DB00818C1B /* ViewControllers */,
			);
			path = Controllers;
			sourceTree = "<group>";
		};
		BCBC8A52280096DB00818C1B /* ViewControllers */ = {
			isa = PBXGroup;
			children = (
				BCBC8A5B2800A1F600818C1B /* MovieListTableViewController.swift */,
			);
			path = ViewControllers;
			sourceTree = "<group>";
		};
		BCBC8A53280096E200818C1B /* ModelControllers */ = {
			isa = PBXGroup;
			children = (
				BCBC8A572800989900818C1B /* MovieController.swift */,
			);
			path = ModelControllers;
			sourceTree = "<group>";
		};
		BCBC8A54280096E900818C1B /* Models */ = {
			isa = PBXGroup;
			children = (
				BCBC8A552800988F00818C1B /* Movie.swift */,
			);
			path = Models;
			sourceTree = "<group>";
		};
/* End PBXGroup section */

/* Begin PBXNativeTarget section */
		BCBC8A34280096B400818C1B /* MovieSearch */ = {
			isa = PBXNativeTarget;
			buildConfigurationList = BCBC8A4C280096BB00818C1B /* Build configuration list for PBXNativeTarget "MovieSearch" */;
			buildPhases = (
				BCBC8A31280096B400818C1B /* Sources */,
				BCBC8A32280096B400818C1B /* Frameworks */,
				BCBC8A33280096B400818C1B /* Resources */,
			);
			buildRules = (
			);
			dependencies = (
			);
			name = MovieSearch;
			productName = MovieSearch;
			productReference = BCBC8A35280096B400818C1B /* MovieSearch.app */;
			productType = "com.apple.product-type.application";
		};
/* End PBXNativeTarget section */

/* Begin PBXProject section */
		BCBC8A2D280096B400818C1B /* Project object */ = {
			isa = PBXProject;
			attributes = {
				BuildIndependentTargetsInParallel = 1;
				LastSwiftUpdateCheck = 1330;
				LastUpgradeCheck = 1330;
				TargetAttributes = {
					BCBC8A34280096B400818C1B = {
						CreatedOnToolsVersion = 13.3;
					};
				};
			};
			buildConfigurationList = BCBC8A30280096B400818C1B /* Build configuration list for PBXProject "MovieSearch" */;
			compatibilityVersion = "Xcode 13.0";
			developmentRegion = en;
			hasScannedForEncodings = 0;
			knownRegions = (
				en,
				Base,
			);
			mainGroup = BCBC8A2C280096B400818C1B;
			productRefGroup = BCBC8A36280096B400818C1B /* Products */;
			projectDirPath = "";
			projectRoot = "";
			targets = (
				BCBC8A34280096B400818C1B /* MovieSearch */,
			);
		};
/* End PBXProject section */

/* Begin PBXResourcesBuildPhase section */
		BCBC8A33280096B400818C1B /* Resources */ = {
			isa = PBXResourcesBuildPhase;
			buildActionMask = 2147483647;
			files = (
				BCBC8A48280096BB00818C1B /* LaunchScreen.storyboard in Resources */,
				BCBC8A45280096BB00818C1B /* Assets.xcassets in Resources */,
				BCBC8A40280096B400818C1B /* Main.storyboard in Resources */,
			);
			runOnlyForDeploymentPostprocessing = 0;
		};
/* End PBXResourcesBuildPhase section */

/* Begin PBXSourcesBuildPhase section */
		BCBC8A31280096B400818C1B /* Sources */ = {
			isa = PBXSourcesBuildPhase;
			buildActionMask = 2147483647;
			files = (
				BCBC8A5C2800A1F600818C1B /* MovieListTableViewController.swift in Sources */,
				BCBC8A582800989900818C1B /* MovieController.swift in Sources */,
				BCBC8A5E2800A20500818C1B /* MovieTableViewCell.swift in Sources */,
				BCBC8A39280096B400818C1B /* AppDelegate.swift in Sources */,
				BCBC8A3B280096B400818C1B /* SceneDelegate.swift in Sources */,
				BCBC8A562800988F00818C1B /* Movie.swift in Sources */,
				BCBC8A5A2800A16900818C1B /* MovieError.swift in Sources */,
			);
			runOnlyForDeploymentPostprocessing = 0;
		};
/* End PBXSourcesBuildPhase section */

/* Begin PBXVariantGroup section */
		BCBC8A3E280096B400818C1B /* Main.storyboard */ = {
			isa = PBXVariantGroup;
			children = (
				BCBC8A3F280096B400818C1B /* Base */,
			);
			name = Main.storyboard;
			sourceTree = "<group>";
		};
		BCBC8A46280096BB00818C1B /* LaunchScreen.storyboard */ = {
			isa = PBXVariantGroup;
			children = (
				BCBC8A47280096BB00818C1B /* Base */,
			);
			name = LaunchScreen.storyboard;
			sourceTree = "<group>";
		};
/* End PBXVariantGroup section */

/* Begin XCBuildConfiguration section */
		BCBC8A4A280096BB00818C1B /* Debug */ = {
			isa = XCBuildConfiguration;
			buildSettings = {
				ALWAYS_SEARCH_USER_PATHS = NO;
				CLANG_ANALYZER_NONNULL = YES;
				CLANG_ANALYZER_NUMBER_OBJECT_CONVERSION = YES_AGGRESSIVE;
				CLANG_CXX_LANGUAGE_STANDARD = "gnu++17";
				CLANG_ENABLE_MODULES = YES;
				CLANG_ENABLE_OBJC_ARC = YES;
				CLANG_ENABLE_OBJC_WEAK = YES;
				CLANG_WARN_BLOCK_CAPTURE_AUTORELEASING = YES;
				CLANG_WARN_BOOL_CONVERSION = YES;
				CLANG_WARN_COMMA = YES;
				CLANG_WARN_CONSTANT_CONVERSION = YES;
				CLANG_WARN_DEPRECATED_OBJC_IMPLEMENTATIONS = YES;
				CLANG_WARN_DIRECT_OBJC_ISA_USAGE = YES_ERROR;
				CLANG_WARN_DOCUMENTATION_COMMENTS = YES;
				CLANG_WARN_EMPTY_BODY = YES;
				CLANG_WARN_ENUM_CONVERSION = YES;
				CLANG_WARN_INFINITE_RECURSION = YES;
				CLANG_WARN_INT_CONVERSION = YES;
				CLANG_WARN_NON_LITERAL_NULL_CONVERSION = YES;
				CLANG_WARN_OBJC_IMPLICIT_RETAIN_SELF = YES;
				CLANG_WARN_OBJC_LITERAL_CONVERSION = YES;
				CLANG_WARN_OBJC_ROOT_CLASS = YES_ERROR;
				CLANG_WARN_QUOTED_INCLUDE_IN_FRAMEWORK_HEADER = YES;
				CLANG_WARN_RANGE_LOOP_ANALYSIS = YES;
				CLANG_WARN_STRICT_PROTOTYPES = YES;
				CLANG_WARN_SUSPICIOUS_MOVE = YES;
				CLANG_WARN_UNGUARDED_AVAILABILITY = YES_AGGRESSIVE;
				CLANG_WARN_UNREACHABLE_CODE = YES;
				CLANG_WARN__DUPLICATE_METHOD_MATCH = YES;
				COPY_PHASE_STRIP = NO;
				DEBUG_INFORMATION_FORMAT = dwarf;
				ENABLE_STRICT_OBJC_MSGSEND = YES;
				ENABLE_TESTABILITY = YES;
				GCC_C_LANGUAGE_STANDARD = gnu11;
				GCC_DYNAMIC_NO_PIC = NO;
				GCC_NO_COMMON_BLOCKS = YES;
				GCC_OPTIMIZATION_LEVEL = 0;
				GCC_PREPROCESSOR_DEFINITIONS = (
					"DEBUG=1",
					"$(inherited)",
				);
				GCC_WARN_64_TO_32_BIT_CONVERSION = YES;
				GCC_WARN_ABOUT_RETURN_TYPE = YES_ERROR;
				GCC_WARN_UNDECLARED_SELECTOR = YES;
				GCC_WARN_UNINITIALIZED_AUTOS = YES_AGGRESSIVE;
				GCC_WARN_UNUSED_FUNCTION = YES;
				GCC_WARN_UNUSED_VARIABLE = YES;
				IPHONEOS_DEPLOYMENT_TARGET = 15.4;
				MTL_ENABLE_DEBUG_INFO = INCLUDE_SOURCE;
				MTL_FAST_MATH = YES;
				ONLY_ACTIVE_ARCH = YES;
				SDKROOT = iphoneos;
				SWIFT_ACTIVE_COMPILATION_CONDITIONS = DEBUG;
				SWIFT_OPTIMIZATION_LEVEL = "-Onone";
			};
			name = Debug;
		};
		BCBC8A4B280096BB00818C1B /* Release */ = {
			isa = XCBuildConfiguration;
			buildSettings = {
				ALWAYS_SEARCH_USER_PATHS = NO;
				CLANG_ANALYZER_NONNULL = YES;
				CLANG_ANALYZER_NUMBER_OBJECT_CONVERSION = YES_AGGRESSIVE;
				CLANG_CXX_LANGUAGE_STANDARD = "gnu++17";
				CLANG_ENABLE_MODULES = YES;
				CLANG_ENABLE_OBJC_ARC = YES;
				CLANG_ENABLE_OBJC_WEAK = YES;
				CLANG_WARN_BLOCK_CAPTURE_AUTORELEASING = YES;
				CLANG_WARN_BOOL_CONVERSION = YES;
				CLANG_WARN_COMMA = YES;
				CLANG_WARN_CONSTANT_CONVERSION = YES;
				CLANG_WARN_DEPRECATED_OBJC_IMPLEMENTATIONS = YES;
				CLANG_WARN_DIRECT_OBJC_ISA_USAGE = YES_ERROR;
				CLANG_WARN_DOCUMENTATION_COMMENTS = YES;
				CLANG_WARN_EMPTY_BODY = YES;
				CLANG_WARN_ENUM_CONVERSION = YES;
				CLANG_WARN_INFINITE_RECURSION = YES;
				CLANG_WARN_INT_CONVERSION = YES;
				CLANG_WARN_NON_LITERAL_NULL_CONVERSION = YES;
				CLANG_WARN_OBJC_IMPLICIT_RETAIN_SELF = YES;
				CLANG_WARN_OBJC_LITERAL_CONVERSION = YES;
				CLANG_WARN_OBJC_ROOT_CLASS = YES_ERROR;
				CLANG_WARN_QUOTED_INCLUDE_IN_FRAMEWORK_HEADER = YES;
				CLANG_WARN_RANGE_LOOP_ANALYSIS = YES;
				CLANG_WARN_STRICT_PROTOTYPES = YES;
				CLANG_WARN_SUSPICIOUS_MOVE = YES;
				CLANG_WARN_UNGUARDED_AVAILABILITY = YES_AGGRESSIVE;
				CLANG_WARN_UNREACHABLE_CODE = YES;
				CLANG_WARN__DUPLICATE_METHOD_MATCH = YES;
				COPY_PHASE_STRIP = NO;
				DEBUG_INFORMATION_FORMAT = "dwarf-with-dsym";
				ENABLE_NS_ASSERTIONS = NO;
				ENABLE_STRICT_OBJC_MSGSEND = YES;
				GCC_C_LANGUAGE_STANDARD = gnu11;
				GCC_NO_COMMON_BLOCKS = YES;
				GCC_WARN_64_TO_32_BIT_CONVERSION = YES;
				GCC_WARN_ABOUT_RETURN_TYPE = YES_ERROR;
				GCC_WARN_UNDECLARED_SELECTOR = YES;
				GCC_WARN_UNINITIALIZED_AUTOS = YES_AGGRESSIVE;
				GCC_WARN_UNUSED_FUNCTION = YES;
				GCC_WARN_UNUSED_VARIABLE = YES;
				IPHONEOS_DEPLOYMENT_TARGET = 15.4;
				MTL_ENABLE_DEBUG_INFO = NO;
				MTL_FAST_MATH = YES;
				SDKROOT = iphoneos;
				SWIFT_COMPILATION_MODE = wholemodule;
				SWIFT_OPTIMIZATION_LEVEL = "-O";
				VALIDATE_PRODUCT = YES;
			};
			name = Release;
		};
		BCBC8A4D280096BB00818C1B /* Debug */ = {
			isa = XCBuildConfiguration;
			buildSettings = {
				ASSETCATALOG_COMPILER_APPICON_NAME = AppIcon;
				ASSETCATALOG_COMPILER_GLOBAL_ACCENT_COLOR_NAME = AccentColor;
				CODE_SIGN_STYLE = Automatic;
				CURRENT_PROJECT_VERSION = 1;
				DEVELOPMENT_TEAM = SNNSSTW7MQ;
				GENERATE_INFOPLIST_FILE = YES;
				INFOPLIST_FILE = MovieSearch/Resources/Info.plist;
				INFOPLIST_KEY_UIApplicationSupportsIndirectInputEvents = YES;
				INFOPLIST_KEY_UILaunchStoryboardName = LaunchScreen;
				INFOPLIST_KEY_UIMainStoryboardFile = Main;
				INFOPLIST_KEY_UISupportedInterfaceOrientations_iPad = "UIInterfaceOrientationPortrait UIInterfaceOrientationPortraitUpsideDown UIInterfaceOrientationLandscapeLeft UIInterfaceOrientationLandscapeRight";
				INFOPLIST_KEY_UISupportedInterfaceOrientations_iPhone = "UIInterfaceOrientationPortrait UIInterfaceOrientationLandscapeLeft UIInterfaceOrientationLandscapeRight";
				LD_RUNPATH_SEARCH_PATHS = (
					"$(inherited)",
					"@executable_path/Frameworks",
				);
				MARKETING_VERSION = 1.0;
				PRODUCT_BUNDLE_IDENTIFIER = com.sebastianbanks.MovieSearch;
				PRODUCT_NAME = "$(TARGET_NAME)";
				SWIFT_EMIT_LOC_STRINGS = YES;
				SWIFT_VERSION = 5.0;
				TARGETED_DEVICE_FAMILY = "1,2";
			};
			name = Debug;
		};
		BCBC8A4E280096BB00818C1B /* Release */ = {
			isa = XCBuildConfiguration;
			buildSettings = {
				ASSETCATALOG_COMPILER_APPICON_NAME = AppIcon;
				ASSETCATALOG_COMPILER_GLOBAL_ACCENT_COLOR_NAME = AccentColor;
				CODE_SIGN_STYLE = Automatic;
				CURRENT_PROJECT_VERSION = 1;
				DEVELOPMENT_TEAM = SNNSSTW7MQ;
				GENERATE_INFOPLIST_FILE = YES;
				INFOPLIST_FILE = MovieSearch/Resources/Info.plist;
				INFOPLIST_KEY_UIApplicationSupportsIndirectInputEvents = YES;
				INFOPLIST_KEY_UILaunchStoryboardName = LaunchScreen;
				INFOPLIST_KEY_UIMainStoryboardFile = Main;
				INFOPLIST_KEY_UISupportedInterfaceOrientations_iPad = "UIInterfaceOrientationPortrait UIInterfaceOrientationPortraitUpsideDown UIInterfaceOrientationLandscapeLeft UIInterfaceOrientationLandscapeRight";
				INFOPLIST_KEY_UISupportedInterfaceOrientations_iPhone = "UIInterfaceOrientationPortrait UIInterfaceOrientationLandscapeLeft UIInterfaceOrientationLandscapeRight";
				LD_RUNPATH_SEARCH_PATHS = (
					"$(inherited)",
					"@executable_path/Frameworks",
				);
				MARKETING_VERSION = 1.0;
				PRODUCT_BUNDLE_IDENTIFIER = com.sebastianbanks.MovieSearch;
				PRODUCT_NAME = "$(TARGET_NAME)";
				SWIFT_EMIT_LOC_STRINGS = YES;
				SWIFT_VERSION = 5.0;
				TARGETED_DEVICE_FAMILY = "1,2";
			};
			name = Release;
		};
/* End XCBuildConfiguration section */

/* Begin XCConfigurationList section */
		BCBC8A30280096B400818C1B /* Build configuration list for PBXProject "MovieSearch" */ = {
			isa = XCConfigurationList;
			buildConfigurations = (
				BCBC8A4A280096BB00818C1B /* Debug */,
				BCBC8A4B280096BB00818C1B /* Release */,
			);
			defaultConfigurationIsVisible = 0;
			defaultConfigurationName = Release;
		};
		BCBC8A4C280096BB00818C1B /* Build configuration list for PBXNativeTarget "MovieSearch" */ = {
			isa = XCConfigurationList;
			buildConfigurations = (
				BCBC8A4D280096BB00818C1B /* Debug */,
				BCBC8A4E280096BB00818C1B /* Release */,
			);
			defaultConfigurationIsVisible = 0;
			defaultConfigurationName = Release;
		};
/* End XCConfigurationList section */
	};
	rootObject = BCBC8A2D280096B400818C1B /* Project object */;
}
